{
  "name": "interlinereader",
  "version": "2.0.0",
  "lockfileVersion": 1,
  "requires": true,
  "dependencies": {
    "fuzzy-search": {
      "version": "3.0.2",
      "resolved": "https://registry.npmjs.org/fuzzy-search/-/fuzzy-search-3.0.2.tgz",
      "integrity": "sha512-u3moKS69EAq12J+EPjAeF64u4gir6OzX/gDUNu4FXW2/5UfqqxvuYLWDEf7ehaz/TIMuYYh98HlJ2caUbpAiww=="
    }
  }
}
